
Microsoft Visual Studio Solution File, Format Version 12.00
# Visual Studio Version 17
VisualStudioVersion = 17.5.33516.290
MinimumVisualStudioVersion = 10.0.40219.1
Project("{FAE04EC0-301F-11D3-BF4B-00C04F79EFBC}") = "StudyLab", "StudyLab\StudyLab.csproj", "{66458293-3EDC-4684-8BD6-7984A752FE26}"
EndProject
Global
	GlobalSection(SolutionConfigurationPlatforms) = preSolution
		Debug|Any CPU = Debug|Any CPU
		Release|Any CPU = Release|Any CPU
	EndGlobalSection
	GlobalSection(ProjectConfigurationPlatforms) = postSolution
		{66458293-3EDC-4684-8BD6-7984A752FE26}.Debug|Any CPU.ActiveCfg = Debug|Any CPU
		{66458293-3EDC-4684-8BD6-7984A752FE26}.Debug|Any CPU.Build.0 = Debug|Any CPU
		{66458293-3EDC-4684-8BD6-7984A752FE26}.Release|Any CPU.ActiveCfg = Release|Any CPU
		{66458293-3EDC-4684-8BD6-7984A752FE26}.Release|Any CPU.Build.0 = Release|Any CPU
	EndGlobalSection
	GlobalSection(SolutionProperties) = preSolution
		HideSolutionNode = FALSE
	EndGlobalSection
	GlobalSection(ExtensibilityGlobals) = postSolution
		SolutionGuid = {3725F470-3650-46EA-B9C2-31559EEB6F83}
	EndGlobalSection
EndGlobal
